
Microsoft Visual Studio Solution File, Format Version 12.00
# Visual Studio Version 16
VisualStudioVersion = 16.0.31729.503
MinimumVisualStudioVersion = 10.0.40219.1
Project("{FAE04EC0-301F-11D3-BF4B-00C04F79EFBC}") = "RMDataManager", "RMDataManager\RMDataManager.csproj", "{51A530A8-D927-4A4F-B3EA-374F53D181C6}"
EndProject
Project("{00D1A9C2-B5F0-4AF3-8072-F6C62B433612}") = "RMData", "RMData\RMData.sqlproj", "{E0CFC6DA-AB77-4FA6-B20C-9D87AC2DAF1A}"
EndProject
Project("{FAE04EC0-301F-11D3-BF4B-00C04F79EFBC}") = "RMDesktopUI", "RMDesktopUI\RMDesktopUI.csproj", "{5C1202B6-5E95-4AD4-9070-53B443697E9D}"
EndProject
Project("{FAE04EC0-301F-11D3-BF4B-00C04F79EFBC}") = "RMDataManager.Library", "RMDataManager.Library\RMDataManager.Library.csproj", "{B2943ED0-07DE-461C-BDB6-7E465FC22C27}"
EndProject
Global
	GlobalSection(SolutionConfigurationPlatforms) = preSolution
		Debug|Any CPU = Debug|Any CPU
		Release|Any CPU = Release|Any CPU
	EndGlobalSection
	GlobalSection(ProjectConfigurationPlatforms) = postSolution
		{51A530A8-D927-4A4F-B3EA-374F53D181C6}.Debug|Any CPU.ActiveCfg = Debug|Any CPU
		{51A530A8-D927-4A4F-B3EA-374F53D181C6}.Debug|Any CPU.Build.0 = Debug|Any CPU
		{51A530A8-D927-4A4F-B3EA-374F53D181C6}.Release|Any CPU.ActiveCfg = Release|Any CPU
		{51A530A8-D927-4A4F-B3EA-374F53D181C6}.Release|Any CPU.Build.0 = Release|Any CPU
		{E0CFC6DA-AB77-4FA6-B20C-9D87AC2DAF1A}.Debug|Any CPU.ActiveCfg = Debug|Any CPU
		{E0CFC6DA-AB77-4FA6-B20C-9D87AC2DAF1A}.Debug|Any CPU.Build.0 = Debug|Any CPU
		{E0CFC6DA-AB77-4FA6-B20C-9D87AC2DAF1A}.Debug|Any CPU.Deploy.0 = Debug|Any CPU
		{E0CFC6DA-AB77-4FA6-B20C-9D87AC2DAF1A}.Release|Any CPU.ActiveCfg = Release|Any CPU
		{E0CFC6DA-AB77-4FA6-B20C-9D87AC2DAF1A}.Release|Any CPU.Build.0 = Release|Any CPU
		{E0CFC6DA-AB77-4FA6-B20C-9D87AC2DAF1A}.Release|Any CPU.Deploy.0 = Release|Any CPU
		{5C1202B6-5E95-4AD4-9070-53B443697E9D}.Debug|Any CPU.ActiveCfg = Debug|Any CPU
		{5C1202B6-5E95-4AD4-9070-53B443697E9D}.Debug|Any CPU.Build.0 = Debug|Any CPU
		{5C1202B6-5E95-4AD4-9070-53B443697E9D}.Release|Any CPU.ActiveCfg = Release|Any CPU
		{5C1202B6-5E95-4AD4-9070-53B443697E9D}.Release|Any CPU.Build.0 = Release|Any CPU
		{B2943ED0-07DE-461C-BDB6-7E465FC22C27}.Debug|Any CPU.ActiveCfg = Debug|Any CPU
		{B2943ED0-07DE-461C-BDB6-7E465FC22C27}.Debug|Any CPU.Build.0 = Debug|Any CPU
		{B2943ED0-07DE-461C-BDB6-7E465FC22C27}.Release|Any CPU.ActiveCfg = Release|Any CPU
		{B2943ED0-07DE-461C-BDB6-7E465FC22C27}.Release|Any CPU.Build.0 = Release|Any CPU
	EndGlobalSection
	GlobalSection(SolutionProperties) = preSolution
		HideSolutionNode = FALSE
	EndGlobalSection
	GlobalSection(ExtensibilityGlobals) = postSolution
		SolutionGuid = {AC0F7D04-7362-4103-9B61-7F6A0D90FF39}
	EndGlobalSection
EndGlobal
